
Microsoft Visual Studio Solution File, Format Version 12.00
# Visual Studio Version 16
VisualStudioVersion = 16.0.30011.22
MinimumVisualStudioVersion = 10.0.40219.1
Project("{FAE04EC0-301F-11D3-BF4B-00C04F79EFBC}") = "liveevents2", "liveevents2\liveevents2.csproj", "{47A5AC3E-601E-4412-9A5D-F16D1B58B136}"
EndProject
Global
	GlobalSection(SolutionConfigurationPlatforms) = preSolution
		Debug|Any CPU = Debug|Any CPU
		Release|Any CPU = Release|Any CPU
	EndGlobalSection
	GlobalSection(ProjectConfigurationPlatforms) = postSolution
		{47A5AC3E-601E-4412-9A5D-F16D1B58B136}.Debug|Any CPU.ActiveCfg = Debug|Any CPU
		{47A5AC3E-601E-4412-9A5D-F16D1B58B136}.Debug|Any CPU.Build.0 = Debug|Any CPU
		{47A5AC3E-601E-4412-9A5D-F16D1B58B136}.Release|Any CPU.ActiveCfg = Release|Any CPU
		{47A5AC3E-601E-4412-9A5D-F16D1B58B136}.Release|Any CPU.Build.0 = Release|Any CPU
	EndGlobalSection
	GlobalSection(SolutionProperties) = preSolution
		HideSolutionNode = FALSE
	EndGlobalSection
	GlobalSection(ExtensibilityGlobals) = postSolution
		SolutionGuid = {50C9C514-F336-452B-BF95-5F2CB12274A4}
	EndGlobalSection
EndGlobal
